
Microsoft Visual Studio Solution File, Format Version 12.00
# Visual Studio Version 17
VisualStudioVersion = 17.4.33205.214
MinimumVisualStudioVersion = 10.0.40219.1
Project("{9A19103F-16F7-4668-BE54-9A1E7A4F7556}") = "WinUI3Utilities", "WinUI3Utilities\WinUI3Utilities.csproj", "{F3C47BCA-543F-42D6-B540-529A2CAE6145}"
EndProject
Project("{9A19103F-16F7-4668-BE54-9A1E7A4F7556}") = "WinUI3Utilities.SourceGenerator", "WinUI3Utilities.SourceGenerator\WinUI3Utilities.SourceGenerator.csproj", "{FAE8EB7F-CFAD-42FD-811D-96020D8AC6B4}"
EndProject
Project("{2150E333-8FDC-42A3-9474-1A3956D46DE8}") = "Solution Folder", "Solution Folder", "{D57D6AFD-2C9C-4A0B-BAB8-0C0AD0E624C1}"
	ProjectSection(SolutionItems) = preProject
		.editorconfig = .editorconfig
		.gitattributes = .gitattributes
		.gitignore = .gitignore
		LICENSE = LICENSE
		README.md = README.md
	EndProjectSection
EndProject
Project("{9A19103F-16F7-4668-BE54-9A1E7A4F7556}") = "WinUI3Utilities.Analyzer", "WinUI3Utilities.Analyzer\WinUI3Utilities.Analyzer.csproj", "{D8663AC6-BF6B-44DC-B194-F31E2047F679}"
EndProject
Project("{9A19103F-16F7-4668-BE54-9A1E7A4F7556}") = "WinUI3Utilities.CodeFix", "WinUI3Utilities.CodeFix\WinUI3Utilities.CodeFix.csproj", "{F351B22E-04FC-4015-8ECE-0F6814EABD7B}"
EndProject
Project("{FAE04EC0-301F-11D3-BF4B-00C04F79EFBC}") = "WinUI3Utilities.Test", "WinUI3Utilities.Test\WinUI3Utilities.Test.csproj", "{1372AD93-3BA7-49B0-8D23-EBB5241A2B42}"
EndProject
Global
	GlobalSection(SolutionConfigurationPlatforms) = preSolution
		Debug|Any CPU = Debug|Any CPU
		Debug|ARM64 = Debug|ARM64
		Debug|x64 = Debug|x64
		Debug|x86 = Debug|x86
		Release|Any CPU = Release|Any CPU
		Release|ARM64 = Release|ARM64
		Release|x64 = Release|x64
		Release|x86 = Release|x86
	EndGlobalSection
	GlobalSection(ProjectConfigurationPlatforms) = postSolution
		{F3C47BCA-543F-42D6-B540-529A2CAE6145}.Debug|Any CPU.ActiveCfg = Debug|Any CPU
		{F3C47BCA-543F-42D6-B540-529A2CAE6145}.Debug|Any CPU.Build.0 = Debug|Any CPU
		{F3C47BCA-543F-42D6-B540-529A2CAE6145}.Debug|ARM64.ActiveCfg = Debug|Any CPU
		{F3C47BCA-543F-42D6-B540-529A2CAE6145}.Debug|ARM64.Build.0 = Debug|Any CPU
		{F3C47BCA-543F-42D6-B540-529A2CAE6145}.Debug|x64.ActiveCfg = Debug|Any CPU
		{F3C47BCA-543F-42D6-B540-529A2CAE6145}.Debug|x64.Build.0 = Debug|Any CPU
		{F3C47BCA-543F-42D6-B540-529A2CAE6145}.Debug|x86.ActiveCfg = Debug|Any CPU
		{F3C47BCA-543F-42D6-B540-529A2CAE6145}.Debug|x86.Build.0 = Debug|Any CPU
		{F3C47BCA-543F-42D6-B540-529A2CAE6145}.Release|Any CPU.ActiveCfg = Release|Any CPU
		{F3C47BCA-543F-42D6-B540-529A2CAE6145}.Release|Any CPU.Build.0 = Release|Any CPU
		{F3C47BCA-543F-42D6-B540-529A2CAE6145}.Release|ARM64.ActiveCfg = Release|Any CPU
		{F3C47BCA-543F-42D6-B540-529A2CAE6145}.Release|ARM64.Build.0 = Release|Any CPU
		{F3C47BCA-543F-42D6-B540-529A2CAE6145}.Release|x64.ActiveCfg = Release|Any CPU
		{F3C47BCA-543F-42D6-B540-529A2CAE6145}.Release|x64.Build.0 = Release|Any CPU
		{F3C47BCA-543F-42D6-B540-529A2CAE6145}.Release|x86.ActiveCfg = Release|Any CPU
		{F3C47BCA-543F-42D6-B540-529A2CAE6145}.Release|x86.Build.0 = Release|Any CPU
		{FAE8EB7F-CFAD-42FD-811D-96020D8AC6B4}.Debug|Any CPU.ActiveCfg = Debug|Any CPU
		{FAE8EB7F-CFAD-42FD-811D-96020D8AC6B4}.Debug|Any CPU.Build.0 = Debug|Any CPU
		{FAE8EB7F-CFAD-42FD-811D-96020D8AC6B4}.Debug|ARM64.ActiveCfg = Debug|Any CPU
		{FAE8EB7F-CFAD-42FD-811D-96020D8AC6B4}.Debug|ARM64.Build.0 = Debug|Any CPU
		{FAE8EB7F-CFAD-42FD-811D-96020D8AC6B4}.Debug|x64.ActiveCfg = Debug|Any CPU
		{FAE8EB7F-CFAD-42FD-811D-96020D8AC6B4}.Debug|x64.Build.0 = Debug|Any CPU
		{FAE8EB7F-CFAD-42FD-811D-96020D8AC6B4}.Debug|x86.ActiveCfg = Debug|Any CPU
		{FAE8EB7F-CFAD-42FD-811D-96020D8AC6B4}.Debug|x86.Build.0 = Debug|Any CPU
		{FAE8EB7F-CFAD-42FD-811D-96020D8AC6B4}.Release|Any CPU.ActiveCfg = Release|Any CPU
		{FAE8EB7F-CFAD-42FD-811D-96020D8AC6B4}.Release|Any CPU.Build.0 = Release|Any CPU
		{FAE8EB7F-CFAD-42FD-811D-96020D8AC6B4}.Release|ARM64.ActiveCfg = Release|Any CPU
		{FAE8EB7F-CFAD-42FD-811D-96020D8AC6B4}.Release|ARM64.Build.0 = Release|Any CPU
		{FAE8EB7F-CFAD-42FD-811D-96020D8AC6B4}.Release|x64.ActiveCfg = Release|Any CPU
		{FAE8EB7F-CFAD-42FD-811D-96020D8AC6B4}.Release|x64.Build.0 = Release|Any CPU
		{FAE8EB7F-CFAD-42FD-811D-96020D8AC6B4}.Release|x86.ActiveCfg = Release|Any CPU
		{FAE8EB7F-CFAD-42FD-811D-96020D8AC6B4}.Release|x86.Build.0 = Release|Any CPU
		{D8663AC6-BF6B-44DC-B194-F31E2047F679}.Debug|Any CPU.ActiveCfg = Debug|Any CPU
		{D8663AC6-BF6B-44DC-B194-F31E2047F679}.Debug|Any CPU.Build.0 = Debug|Any CPU
		{D8663AC6-BF6B-44DC-B194-F31E2047F679}.Debug|ARM64.ActiveCfg = Debug|Any CPU
		{D8663AC6-BF6B-44DC-B194-F31E2047F679}.Debug|ARM64.Build.0 = Debug|Any CPU
		{D8663AC6-BF6B-44DC-B194-F31E2047F679}.Debug|x64.ActiveCfg = Debug|Any CPU
		{D8663AC6-BF6B-44DC-B194-F31E2047F679}.Debug|x64.Build.0 = Debug|Any CPU
		{D8663AC6-BF6B-44DC-B194-F31E2047F679}.Debug|x86.ActiveCfg = Debug|Any CPU
		{D8663AC6-BF6B-44DC-B194-F31E2047F679}.Debug|x86.Build.0 = Debug|Any CPU
		{D8663AC6-BF6B-44DC-B194-F31E2047F679}.Release|Any CPU.ActiveCfg = Release|Any CPU
		{D8663AC6-BF6B-44DC-B194-F31E2047F679}.Release|Any CPU.Build.0 = Release|Any CPU
		{D8663AC6-BF6B-44DC-B194-F31E2047F679}.Release|ARM64.ActiveCfg = Release|Any CPU
		{D8663AC6-BF6B-44DC-B194-F31E2047F679}.Release|ARM64.Build.0 = Release|Any CPU
		{D8663AC6-BF6B-44DC-B194-F31E2047F679}.Release|x64.ActiveCfg = Release|Any CPU
		{D8663AC6-BF6B-44DC-B194-F31E2047F679}.Release|x64.Build.0 = Release|Any CPU
		{D8663AC6-BF6B-44DC-B194-F31E2047F679}.Release|x86.ActiveCfg = Release|Any CPU
		{D8663AC6-BF6B-44DC-B194-F31E2047F679}.Release|x86.Build.0 = Release|Any CPU
		{F351B22E-04FC-4015-8ECE-0F6814EABD7B}.Debug|Any CPU.ActiveCfg = Debug|Any CPU
		{F351B22E-04FC-4015-8ECE-0F6814EABD7B}.Debug|Any CPU.Build.0 = Debug|Any CPU
		{F351B22E-04FC-4015-8ECE-0F6814EABD7B}.Debug|ARM64.ActiveCfg = Debug|Any CPU
		{F351B22E-04FC-4015-8ECE-0F6814EABD7B}.Debug|ARM64.Build.0 = Debug|Any CPU
		{F351B22E-04FC-4015-8ECE-0F6814EABD7B}.Debug|x64.ActiveCfg = Debug|Any CPU
		{F351B22E-04FC-4015-8ECE-0F6814EABD7B}.Debug|x64.Build.0 = Debug|Any CPU
		{F351B22E-04FC-4015-8ECE-0F6814EABD7B}.Debug|x86.ActiveCfg = Debug|Any CPU
		{F351B22E-04FC-4015-8ECE-0F6814EABD7B}.Debug|x86.Build.0 = Debug|Any CPU
		{F351B22E-04FC-4015-8ECE-0F6814EABD7B}.Release|Any CPU.ActiveCfg = Release|Any CPU
		{F351B22E-04FC-4015-8ECE-0F6814EABD7B}.Release|Any CPU.Build.0 = Release|Any CPU
		{F351B22E-04FC-4015-8ECE-0F6814EABD7B}.Release|ARM64.ActiveCfg = Release|Any CPU
		{F351B22E-04FC-4015-8ECE-0F6814EABD7B}.Release|ARM64.Build.0 = Release|Any CPU
		{F351B22E-04FC-4015-8ECE-0F6814EABD7B}.Release|x64.ActiveCfg = Release|Any CPU
		{F351B22E-04FC-4015-8ECE-0F6814EABD7B}.Release|x64.Build.0 = Release|Any CPU
		{F351B22E-04FC-4015-8ECE-0F6814EABD7B}.Release|x86.ActiveCfg = Release|Any CPU
		{F351B22E-04FC-4015-8ECE-0F6814EABD7B}.Release|x86.Build.0 = Release|Any CPU
		{1372AD93-3BA7-49B0-8D23-EBB5241A2B42}.Debug|Any CPU.ActiveCfg = Debug|x64
		{1372AD93-3BA7-49B0-8D23-EBB5241A2B42}.Debug|Any CPU.Build.0 = Debug|x64
		{1372AD93-3BA7-49B0-8D23-EBB5241A2B42}.Debug|Any CPU.Deploy.0 = Debug|x64
		{1372AD93-3BA7-49B0-8D23-EBB5241A2B42}.Debug|ARM64.ActiveCfg = Debug|ARM64
		{1372AD93-3BA7-49B0-8D23-EBB5241A2B42}.Debug|ARM64.Build.0 = Debug|ARM64
		{1372AD93-3BA7-49B0-8D23-EBB5241A2B42}.Debug|ARM64.Deploy.0 = Debug|ARM64
		{1372AD93-3BA7-49B0-8D23-EBB5241A2B42}.Debug|x64.ActiveCfg = Debug|x64
		{1372AD93-3BA7-49B0-8D23-EBB5241A2B42}.Debug|x64.Build.0 = Debug|x64
		{1372AD93-3BA7-49B0-8D23-EBB5241A2B42}.Debug|x64.Deploy.0 = Debug|x64
		{1372AD93-3BA7-49B0-8D23-EBB5241A2B42}.Debug|x86.ActiveCfg = Debug|x86
		{1372AD93-3BA7-49B0-8D23-EBB5241A2B42}.Debug|x86.Build.0 = Debug|x86
		{1372AD93-3BA7-49B0-8D23-EBB5241A2B42}.Debug|x86.Deploy.0 = Debug|x86
		{1372AD93-3BA7-49B0-8D23-EBB5241A2B42}.Release|Any CPU.ActiveCfg = Release|x64
		{1372AD93-3BA7-49B0-8D23-EBB5241A2B42}.Release|Any CPU.Build.0 = Release|x64
		{1372AD93-3BA7-49B0-8D23-EBB5241A2B42}.Release|Any CPU.Deploy.0 = Release|x64
		{1372AD93-3BA7-49B0-8D23-EBB5241A2B42}.Release|ARM64.ActiveCfg = Release|ARM64
		{1372AD93-3BA7-49B0-8D23-EBB5241A2B42}.Release|ARM64.Build.0 = Release|ARM64
		{1372AD93-3BA7-49B0-8D23-EBB5241A2B42}.Release|ARM64.Deploy.0 = Release|ARM64
		{1372AD93-3BA7-49B0-8D23-EBB5241A2B42}.Release|x64.ActiveCfg = Release|x64
		{1372AD93-3BA7-49B0-8D23-EBB5241A2B42}.Release|x64.Build.0 = Release|x64
		{1372AD93-3BA7-49B0-8D23-EBB5241A2B42}.Release|x64.Deploy.0 = Release|x64
		{1372AD93-3BA7-49B0-8D23-EBB5241A2B42}.Release|x86.ActiveCfg = Release|x86
		{1372AD93-3BA7-49B0-8D23-EBB5241A2B42}.Release|x86.Build.0 = Release|x86
		{1372AD93-3BA7-49B0-8D23-EBB5241A2B42}.Release|x86.Deploy.0 = Release|x86
	EndGlobalSection
	GlobalSection(SolutionProperties) = preSolution
		HideSolutionNode = FALSE
	EndGlobalSection
	GlobalSection(ExtensibilityGlobals) = postSolution
		SolutionGuid = {DD4BCFD9-2898-4586-A89C-90F1CC9BDB71}
	EndGlobalSection
EndGlobal
